# This file is automatically @generated by Poetry 1.8.2 and should not be changed by hand.

[[package]]
name = "click"
version = "8.3.0"
description = "Composable command line interface toolkit"
optional = false
python-versions = ">=3.10"
files = [
    {file = "click-8.3.0-py3-none-any.whl", hash = "sha256:9b9f285302c6e3064f4330c05f05b81945b2a39544279343e6e7c5f27a9baddc"},
    {file = "click-8.3.0.tar.gz", hash = "sha256:e7b8232224eba16f4ebe410c25ced9f7875cb5f3263ffc93cc3e8da705e229c4"},
]

[package.dependencies]
colorama = {version = "*", markers = "platform_system == \"Windows\""}

[[package]]
name = "colorama"
version = "0.4.6"
description = "Cross-platform colored terminal text."
optional = false
python-versions = "!=3.0.*,!=3.1.*,!=3.2.*,!=3.3.*,!=3.4.*,!=3.5.*,!=3.6.*,>=2.7"
files = [
    {file = "colorama-0.4.6-py2.py3-none-any.whl", hash = "sha256:4f1d9991f5acc0ca119f9d443620b77f9d6b33703e51011c16baf57afb285fc6"},
    {file = "colorama-0.4.6.tar.gz", hash = "sha256:08695f5cb7ed6e0531a20572697297273c47b8cae5a63ffc6d6ed5c201be6e44"},
]

[[package]]
name = "deptry"
version = "0.23.1"
description = "A command line utility to check for unused, missing and transitive dependencies in a Python project."
optional = false
python-versions = ">=3.9"
files = [
    {file = "deptry-0.23.1-cp39-abi3-macosx_10_12_x86_64.whl", hash = "sha256:f0b231d098fb5b48d8973c9f192c353ffdd395770063424969fa7f15ddfea7d8"},
    {file = "deptry-0.23.1-cp39-abi3-macosx_11_0_arm64.whl", hash = "sha256:bf057f514bb2fa18a2b192a7f7372bd14577ff46b11486933e8383dfef461983"},
    {file = "deptry-0.23.1-cp39-abi3-manylinux_2_17_aarch64.manylinux2014_aarch64.whl", hash = "sha256:1ee3f5663bb1c048e2aaf25a4d9e6d09cc1f3b3396ee248980878c6a6c9c0e21"},
    {file = "deptry-0.23.1-cp39-abi3-manylinux_2_17_x86_64.manylinux2014_x86_64.whl", hash = "sha256:ae0366dc5f50a5fb29cf90de1110c5e368513de6c1b2dac439f2817f3f752616"},
    {file = "deptry-0.23.1-cp39-abi3-musllinux_1_1_aarch64.whl", hash = "sha256:ab156a90a9eda5819aeb1c1da585dd4d5ec509029399a38771a49e78f40db90f"},
    {file = "deptry-0.23.1-cp39-abi3-musllinux_1_1_x86_64.whl", hash = "sha256:651c7eb168233755152fcc468713c024d64a03069645187edb4a17ba61ce6133"},
    {file = "deptry-0.23.1-cp39-abi3-win_amd64.whl", hash = "sha256:8da1e8f70e7086ebc228f3a4a3cfb5aa127b09b5eef60d694503d6bb79809025"},
    {file = "deptry-0.23.1-cp39-abi3-win_arm64.whl", hash = "sha256:f589497a5809717db4dcf2aa840f2847c0a4c489331608e538850b6a9ab1c30b"},
    {file = "deptry-0.23.1-pp310-pypy310_pp73-macosx_10_12_x86_64.whl", hash = "sha256:6af91d86380ef703adb6ae65f273d88e3cca7fd315c4c309da857a0cfa728244"},
    {file = "deptry-0.23.1-pp310-pypy310_pp73-macosx_11_0_arm64.whl", hash = "sha256:42a249d317c3128c286035a1f7aaa41a0c3c967f17848817c2e07ca50d5ed450"},
    {file = "deptry-0.23.1-pp310-pypy310_pp73-manylinux_2_17_aarch64.manylinux2014_aarch64.whl", hash = "sha256:d988c7c75201997970bae1e8d564b4c7a14d350556c4f7c269fd33f3b081c314"},
    {file = "deptry-0.23.1-pp310-pypy310_pp73-manylinux_2_17_x86_64.manylinux2014_x86_64.whl", hash = "sha256:ae13d8e65ae88b77632c45edb4038301a6f9efcac06715abfde9a029e5879698"},
    {file = "deptry-0.23.1-pp310-pypy310_pp73-musllinux_1_1_aarch64.whl", hash = "sha256:40058a7a3fe9dacb745668897ee992e58daf5aac406b668ff2eaaf0f6f586550"},
    {file = "deptry-0.23.1-pp310-pypy310_pp73-musllinux_1_1_x86_64.whl", hash = "sha256:d111cf4261eeadbdb20051d8d542f04deb3cfced0cb280ece8d654f7f6055921"},
    {file = "deptry-0.23.1-pp310-pypy310_pp73-win_amd64.whl", hash = "sha256:9f9bbb92f95ada9ccfa5ecefee05ba3c39cfa0734b5483a3a1a3c4eeb9c99054"},
    {file = "deptry-0.23.1.tar.gz", hash = "sha256:5d23e0ef25f3c56405c05383a476edda55944563c5c47a3e9249ed3ec860d382"},
]

[package.dependencies]
click = ">=8.0.0,<9"
colorama = {version = ">=0.4.6", markers = "sys_platform == \"win32\""}
packaging = ">=23.2"
requirements-parser = ">=0.11.0,<1"

[[package]]
name = "et-xmlfile"
version = "2.0.0"
description = "An implementation of lxml.xmlfile for the standard library"
optional = false
python-versions = ">=3.8"
files = [
    {file = "et_xmlfile-2.0.0-py3-none-any.whl", hash = "sha256:7a91720bc756843502c3b7504c77b8fe44217c85c537d85037f0f536151b2caa"},
    {file = "et_xmlfile-2.0.0.tar.gz", hash = "sha256:dab3f4764309081ce75662649be815c4c9081e88f0837825f90fd28317d4da54"},
]

[[package]]
name = "flake8"
version = "6.1.0"
description = "the modular source code checker: pep8 pyflakes and co"
optional = false
python-versions = ">=3.8.1"
files = [
    {file = "flake8-6.1.0-py2.py3-none-any.whl", hash = "sha256:ffdfce58ea94c6580c77888a86506937f9a1a227dfcd15f245d694ae20a6b6e5"},
    {file = "flake8-6.1.0.tar.gz", hash = "sha256:d5b3857f07c030bdb5bf41c7f53799571d75c4491748a3adcd47de929e34cd23"},
]

[package.dependencies]
mccabe = ">=0.7.0,<0.8.0"
pycodestyle = ">=2.11.0,<2.12.0"
pyflakes = ">=3.1.0,<3.2.0"

[[package]]
name = "iniconfig"
version = "2.1.0"
description = "brain-dead simple config-ini parsing"
optional = false
python-versions = ">=3.8"
files = [
    {file = "iniconfig-2.1.0-py3-none-any.whl", hash = "sha256:9deba5723312380e77435581c6bf4935c94cbfab9b1ed33ef8d238ea168eb760"},
    {file = "iniconfig-2.1.0.tar.gz", hash = "sha256:3abbd2e30b36733fee78f9c7f7308f2d0050e88f0087fd25c2645f63c773e1c7"},
]

[[package]]
name = "markdown-it-py"
version = "4.0.0"
description = "Python port of markdown-it. Markdown parsing, done right!"
optional = false
python-versions = ">=3.10"
files = [
    {file = "markdown_it_py-4.0.0-py3-none-any.whl", hash = "sha256:87327c59b172c5011896038353a81343b6754500a08cd7a4973bb48c6d578147"},
    {file = "markdown_it_py-4.0.0.tar.gz", hash = "sha256:cb0a2b4aa34f932c007117b194e945bd74e0ec24133ceb5bac59009cda1cb9f3"},
]

[package.dependencies]
mdurl = ">=0.1,<1.0"

[package.extras]
benchmarking = ["psutil", "pytest", "pytest-benchmark"]
compare = ["commonmark (>=0.9,<1.0)", "markdown (>=3.4,<4.0)", "markdown-it-pyrs", "mistletoe (>=1.0,<2.0)", "mistune (>=3.0,<4.0)", "panflute (>=2.3,<3.0)"]
linkify = ["linkify-it-py (>=1,<3)"]
plugins = ["mdit-py-plugins (>=0.5.0)"]
profiling = ["gprof2dot"]
rtd = ["ipykernel", "jupyter_sphinx", "mdit-py-plugins (>=0.5.0)", "myst-parser", "pyyaml", "sphinx", "sphinx-book-theme (>=1.0,<2.0)", "sphinx-copybutton", "sphinx-design"]
testing = ["coverage", "pytest", "pytest-cov", "pytest-regressions", "requests"]

[[package]]
name = "mccabe"
version = "0.7.0"
description = "McCabe checker, plugin for flake8"
optional = false
python-versions = ">=3.6"
files = [
    {file = "mccabe-0.7.0-py2.py3-none-any.whl", hash = "sha256:6c2d30ab6be0e4a46919781807b4f0d834ebdd6c6e3dca0bda5a15f863427b6e"},
    {file = "mccabe-0.7.0.tar.gz", hash = "sha256:348e0240c33b60bbdf4e523192ef919f28cb2c3d7d5c7794f74009290f236325"},
]

[[package]]
name = "mdurl"
version = "0.1.2"
description = "Markdown URL utilities"
optional = false
python-versions = ">=3.7"
files = [
    {file = "mdurl-0.1.2-py3-none-any.whl", hash = "sha256:84008a41e51615a49fc9966191ff91509e3c40b939176e643fd50a5c2196b8f8"},
    {file = "mdurl-0.1.2.tar.gz", hash = "sha256:bb413d29f5eea38f31dd4754dd7377d4465116fb207585f97bf925588687c1ba"},
]

[[package]]
name = "mypy"
version = "1.18.2"
description = "Optional static typing for Python"
optional = false
python-versions = ">=3.9"
files = [
    {file = "mypy-1.18.2-cp310-cp310-macosx_10_9_x86_64.whl", hash = "sha256:c1eab0cf6294dafe397c261a75f96dc2c31bffe3b944faa24db5def4e2b0f77c"},
    {file = "mypy-1.18.2-cp310-cp310-macosx_11_0_arm64.whl", hash = "sha256:7a780ca61fc239e4865968ebc5240bb3bf610ef59ac398de9a7421b54e4a207e"},
    {file = "mypy-1.18.2-cp310-cp310-manylinux2014_aarch64.manylinux_2_17_aarch64.manylinux_2_28_aarch64.whl", hash = "sha256:448acd386266989ef11662ce3c8011fd2a7b632e0ec7d61a98edd8e27472225b"},
    {file = "mypy-1.18.2-cp310-cp310-manylinux2014_x86_64.manylinux_2_17_x86_64.manylinux_2_28_x86_64.whl", hash = "sha256:f9e171c465ad3901dc652643ee4bffa8e9fef4d7d0eece23b428908c77a76a66"},
    {file = "mypy-1.18.2-cp310-cp310-musllinux_1_2_x86_64.whl", hash = "sha256:592ec214750bc00741af1f80cbf96b5013d81486b7bb24cb052382c19e40b428"},
    {file = "mypy-1.18.2-cp310-cp310-win_amd64.whl", hash = "sha256:7fb95f97199ea11769ebe3638c29b550b5221e997c63b14ef93d2e971606ebed"},
    {file = "mypy-1.18.2-cp311-cp311-macosx_10_9_x86_64.whl", hash = "sha256:807d9315ab9d464125aa9fcf6d84fde6e1dc67da0b6f80e7405506b8ac72bc7f"},
    {file = "mypy-1.18.2-cp311-cp311-macosx_11_0_arm64.whl", hash = "sha256:776bb00de1778caf4db739c6e83919c1d85a448f71979b6a0edd774ea8399341"},
    {file = "mypy-1.18.2-cp311-cp311-manylinux2014_aarch64.manylinux_2_17_aarch64.manylinux_2_28_aarch64.whl", hash = "sha256:1379451880512ffce14505493bd9fe469e0697543717298242574882cf8cdb8d"},
    {file = "mypy-1.18.2-cp311-cp311-manylinux2014_x86_64.manylinux_2_17_x86_64.manylinux_2_28_x86_64.whl", hash = "sha256:1331eb7fd110d60c24999893320967594ff84c38ac6d19e0a76c5fd809a84c86"},
    {file = "mypy-1.18.2-cp311-cp311-musllinux_1_2_x86_64.whl", hash = "sha256:3ca30b50a51e7ba93b00422e486cbb124f1c56a535e20eff7b2d6ab72b3b2e37"},
    {file = "mypy-1.18.2-cp311-cp311-win_amd64.whl", hash = "sha256:664dc726e67fa54e14536f6e1224bcfce1d9e5ac02426d2326e2bb4e081d1ce8"},
    {file = "mypy-1.18.2-cp312-cp312-macosx_10_13_x86_64.whl", hash = "sha256:33eca32dd124b29400c31d7cf784e795b050ace0e1f91b8dc035672725617e34"},
    {file = "mypy-1.18.2-cp312-cp312-macosx_11_0_arm64.whl", hash = "sha256:a3c47adf30d65e89b2dcd2fa32f3aeb5e94ca970d2c15fcb25e297871c8e4764"},
    {file = "mypy-1.18.2-cp312-cp312-manylinux2014_aarch64.manylinux_2_17_aarch64.manylinux_2_28_aarch64.whl", hash = "sha256:5d6c838e831a062f5f29d11c9057c6009f60cb294fea33a98422688181fe2893"},
    {file = "mypy-1.18.2-cp312-cp312-manylinux2014_x86_64.manylinux_2_17_x86_64.manylinux_2_28_x86_64.whl", hash = "sha256:01199871b6110a2ce984bde85acd481232d17413868c9807e95c1b0739a58914"},
    {file = "mypy-1.18.2-cp312-cp312-musllinux_1_2_x86_64.whl", hash = "sha256:a2afc0fa0b0e91b4599ddfe0f91e2c26c2b5a5ab263737e998d6817874c5f7c8"},
    {file = "mypy-1.18.2-cp312-cp312-win_amd64.whl", hash = "sha256:d8068d0afe682c7c4897c0f7ce84ea77f6de953262b12d07038f4d296d547074"},
    {file = "mypy-1.18.2-cp313-cp313-macosx_10_13_x86_64.whl", hash = "sha256:07b8b0f580ca6d289e69209ec9d3911b4a26e5abfde32228a288eb79df129fcc"},
    {file = "mypy-1.18.2-cp313-cp313-macosx_11_0_arm64.whl", hash = "sha256:ed4482847168439651d3feee5833ccedbf6657e964572706a2adb1f7fa4dfe2e"},
    {file = "mypy-1.18.2-cp313-cp313-manylinux2014_aarch64.manylinux_2_17_aarch64.manylinux_2_28_aarch64.whl", hash = "sha256:c3ad2afadd1e9fea5cf99a45a822346971ede8685cc581ed9cd4d42eaf940986"},
    {file = "mypy-1.18.2-cp313-cp313-manylinux2014_x86_64.manylinux_2_17_x86_64.manylinux_2_28_x86_64.whl", hash = "sha256:a431a6f1ef14cf8c144c6b14793a23ec4eae3db28277c358136e79d7d062f62d"},
    {file = "mypy-1.18.2-cp313-cp313-musllinux_1_2_x86_64.whl", hash = "sha256:7ab28cc197f1dd77a67e1c6f35cd1f8e8b73ed2217e4fc005f9e6a504e46e7ba"},
    {file = "mypy-1.18.2-cp313-cp313-win_amd64.whl", hash = "sha256:0e2785a84b34a72ba55fb5daf079a1003a34c05b22238da94fcae2bbe46f3544"},
    {file = "mypy-1.18.2-cp314-cp314-macosx_10_13_x86_64.whl", hash = "sha256:62f0e1e988ad41c2a110edde6c398383a889d95b36b3e60bcf155f5164c4fdce"},
    {file = "mypy-1.18.2-cp314-cp314-macosx_11_0_arm64.whl", hash = "sha256:8795a039bab805ff0c1dfdb8cd3344642c2b99b8e439d057aba30850b8d3423d"},
    {file = "mypy-1.18.2-cp314-cp314-manylinux2014_aarch64.manylinux_2_17_aarch64.manylinux_2_28_aarch64.whl", hash = "sha256:6ca1e64b24a700ab5ce10133f7ccd956a04715463d30498e64ea8715236f9c9c"},
    {file = "mypy-1.18.2-cp314-cp314-manylinux2014_x86_64.manylinux_2_17_x86_64.manylinux_2_28_x86_64.whl", hash = "sha256:d924eef3795cc89fecf6bedc6ed32b33ac13e8321344f6ddbf8ee89f706c05cb"},
    {file = "mypy-1.18.2-cp314-cp314-musllinux_1_2_x86_64.whl", hash = "sha256:20c02215a080e3a2be3aa50506c67242df1c151eaba0dcbc1e4e557922a26075"},
    {file = "mypy-1.18.2-cp314-cp314-win_amd64.whl", hash = "sha256:749b5f83198f1ca64345603118a6f01a4e99ad4bf9d103ddc5a3200cc4614adf"},
    {file = "mypy-1.18.2-cp39-cp39-macosx_10_9_x86_64.whl", hash = "sha256:25a9c8fb67b00599f839cf472713f54249a62efd53a54b565eb61956a7e3296b"},
    {file = "mypy-1.18.2-cp39-cp39-macosx_11_0_arm64.whl", hash = "sha256:c2b9c7e284ee20e7598d6f42e13ca40b4928e6957ed6813d1ab6348aa3f47133"},
    {file = "mypy-1.18.2-cp39-cp39-manylinux2014_aarch64.manylinux_2_17_aarch64.manylinux_2_28_aarch64.whl", hash = "sha256:d6985ed057513e344e43a26cc1cd815c7a94602fb6a3130a34798625bc2f07b6"},
    {file = "mypy-1.18.2-cp39-cp39-manylinux2014_x86_64.manylinux_2_17_x86_64.manylinux_2_28_x86_64.whl", hash = "sha256:22f27105f1525ec024b5c630c0b9f36d5c1cc4d447d61fe51ff4bd60633f47ac"},
    {file = "mypy-1.18.2-cp39-cp39-musllinux_1_2_x86_64.whl", hash = "sha256:030c52d0ea8144e721e49b1f68391e39553d7451f0c3f8a7565b59e19fcb608b"},
    {file = "mypy-1.18.2-cp39-cp39-win_amd64.whl", hash = "sha256:aa5e07ac1a60a253445797e42b8b2963c9675563a94f11291ab40718b016a7a0"},
    {file = "mypy-1.18.2-py3-none-any.whl", hash = "sha256:22a1748707dd62b58d2ae53562ffc4d7f8bcc727e8ac7cbc69c053ddc874d47e"},
    {file = "mypy-1.18.2.tar.gz", hash = "sha256:06a398102a5f203d7477b2923dda3634c36727fa5c237d8f859ef90c42a9924b"},
]

[package.dependencies]
mypy_extensions = ">=1.0.0"
pathspec = ">=0.9.0"
typing_extensions = ">=4.6.0"

[package.extras]
dmypy = ["psutil (>=4.0)"]
faster-cache = ["orjson"]
install-types = ["pip"]
mypyc = ["setuptools (>=50)"]
reports = ["lxml"]

[[package]]
name = "mypy-extensions"
version = "1.1.0"
description = "Type system extensions for programs checked with the mypy type checker."
optional = false
python-versions = ">=3.8"
files = [
    {file = "mypy_extensions-1.1.0-py3-none-any.whl", hash = "sha256:1be4cccdb0f2482337c4743e60421de3a356cd97508abadd57d47403e94f5505"},
    {file = "mypy_extensions-1.1.0.tar.gz", hash = "sha256:52e68efc3284861e772bbcd66823fde5ae21fd2fdb51c62a211403730b916558"},
]

[[package]]
name = "openpyxl"
version = "3.1.5"
description = "A Python library to read/write Excel 2010 xlsx/xlsm files"
optional = false
python-versions = ">=3.8"
files = [
    {file = "openpyxl-3.1.5-py2.py3-none-any.whl", hash = "sha256:5282c12b107bffeef825f4617dc029afaf41d0ea60823bbb665ef3079dc79de2"},
    {file = "openpyxl-3.1.5.tar.gz", hash = "sha256:cf0e3cf56142039133628b5acffe8ef0c12bc902d2aadd3e0fe5878dc08d1050"},
]

[package.dependencies]
et-xmlfile = "*"

[[package]]
name = "packaging"
version = "25.0"
description = "Core utilities for Python packages"
optional = false
python-versions = ">=3.8"
files = [
    {file = "packaging-25.0-py3-none-any.whl", hash = "sha256:29572ef2b1f17581046b3a2227d5c611fb25ec70ca1ba8554b24b0e69331a484"},
    {file = "packaging-25.0.tar.gz", hash = "sha256:d443872c98d677bf60f6a1f2f8c1cb748e8fe762d2bf9d3148b5599295b0fc4f"},
]

[[package]]
name = "pathspec"
version = "0.12.1"
description = "Utility library for gitignore style pattern matching of file paths."
optional = false
python-versions = ">=3.8"
files = [
    {file = "pathspec-0.12.1-py3-none-any.whl", hash = "sha256:a0d503e138a4c123b27490a4f7beda6a01c6f288df0e4a8b79c7eb0dc7b4cc08"},
    {file = "pathspec-0.12.1.tar.gz", hash = "sha256:a482d51503a1ab33b1c67a6c3813a26953dbdc71c31dacaef9a838c4e29f5712"},
]

[[package]]
name = "pluggy"
version = "1.6.0"
description = "plugin and hook calling mechanisms for python"
optional = false
python-versions = ">=3.9"
files = [
    {file = "pluggy-1.6.0-py3-none-any.whl", hash = "sha256:e920276dd6813095e9377c0bc5566d94c932c33b27a3e3945d8389c374dd4746"},
    {file = "pluggy-1.6.0.tar.gz", hash = "sha256:7dcc130b76258d33b90f61b658791dede3486c3e6bfb003ee5c9bfb396dd22f3"},
]

[package.extras]
dev = ["pre-commit", "tox"]
testing = ["coverage", "pytest", "pytest-benchmark"]

[[package]]
name = "pycodestyle"
version = "2.11.1"
description = "Python style guide checker"
optional = false
python-versions = ">=3.8"
files = [
    {file = "pycodestyle-2.11.1-py2.py3-none-any.whl", hash = "sha256:44fe31000b2d866f2e41841b18528a505fbd7fef9017b04eff4e2648a0fadc67"},
    {file = "pycodestyle-2.11.1.tar.gz", hash = "sha256:41ba0e7afc9752dfb53ced5489e89f8186be00e599e712660695b7a75ff2663f"},
]

[[package]]
name = "pyflakes"
version = "3.1.0"
description = "passive checker of Python programs"
optional = false
python-versions = ">=3.8"
files = [
    {file = "pyflakes-3.1.0-py2.py3-none-any.whl", hash = "sha256:4132f6d49cb4dae6819e5379898f2b8cce3c5f23994194c24b77d5da2e36f774"},
    {file = "pyflakes-3.1.0.tar.gz", hash = "sha256:a0aae034c444db0071aa077972ba4768d40c830d9539fd45bf4cd3f8f6992efc"},
]

[[package]]
name = "pygments"
version = "2.19.2"
description = "Pygments is a syntax highlighting package written in Python."
optional = false
python-versions = ">=3.8"
files = [
    {file = "pygments-2.19.2-py3-none-any.whl", hash = "sha256:86540386c03d588bb81d44bc3928634ff26449851e99741617ecb9037ee5ec0b"},
    {file = "pygments-2.19.2.tar.gz", hash = "sha256:636cb2477cec7f8952536970bc533bc43743542f70392ae026374600add5b887"},
]

[package.extras]
windows-terminal = ["colorama (>=0.4.6)"]

[[package]]
name = "pytest"
version = "8.4.2"
description = "pytest: simple powerful testing with Python"
optional = false
python-versions = ">=3.9"
files = [
    {file = "pytest-8.4.2-py3-none-any.whl", hash = "sha256:872f880de3fc3a5bdc88a11b39c9710c3497a547cfa9320bc3c5e62fbf272e79"},
    {file = "pytest-8.4.2.tar.gz", hash = "sha256:86c0d0b93306b961d58d62a4db4879f27fe25513d4b969df351abdddb3c30e01"},
]

[package.dependencies]
colorama = {version = ">=0.4", markers = "sys_platform == \"win32\""}
iniconfig = ">=1"
packaging = ">=20"
pluggy = ">=1.5,<2"
pygments = ">=2.7.2"

[package.extras]
dev = ["argcomplete", "attrs (>=19.2)", "hypothesis (>=3.56)", "mock", "requests", "setuptools", "xmlschema"]

[[package]]
name = "pyxirr"
version = "0.4.0"
description = "Rust-powered collection of financial functions."
optional = false
python-versions = "*"
files = [
    {file = "pyxirr-0.4.0-cp36-cp36m-macosx_10_9_universal2.whl", hash = "sha256:9f5a7da27b2c30abbc9f1d3868930a023722b28675fc6b921a4e68ad608148a7"},
    {file = "pyxirr-0.4.0-cp36-cp36m-manylinux1_x86_64.whl", hash = "sha256:2940b9590081e0fd58bc8cf331c0c6cf2215e7faeb0cf9df2017b20564e51a15"},
    {file = "pyxirr-0.4.0-cp36-none-win_amd64.whl", hash = "sha256:794323d1f6bd9b795bd0b192e6d839913f82e4da0a5b7de557db01d5c1d94745"},
    {file = "pyxirr-0.4.0-cp37-cp37m-macosx_10_9_universal2.whl", hash = "sha256:fba7ba7bd2ff6d48efe71c3be33e2b0005f339b7673daddbbe611658e9b929b4"},
    {file = "pyxirr-0.4.0-cp37-cp37m-manylinux1_x86_64.whl", hash = "sha256:9b1d50eeded6d362c224298f3983d737cb0e92bb2cad62de4f265f18480dc6a2"},
    {file = "pyxirr-0.4.0-cp37-none-win_amd64.whl", hash = "sha256:85bccdbf5a8eb7d305cc6cb54d6be39c64450e93bb2bb4ebdf3f4994fafcce34"},
    {file = "pyxirr-0.4.0-cp38-cp38-macosx_10_9_universal2.whl", hash = "sha256:18580f3c1c8bebca24dbbe368889626750c0dafc2c3cd74c9f19fb1ff66f2424"},
    {file = "pyxirr-0.4.0-cp38-cp38-manylinux1_x86_64.whl", hash = "sha256:a6007d00f3f0b580c2a418e8729a59b0d630154fcb46e3e9469f1f5e979f2045"},
    {file = "pyxirr-0.4.0-cp38-none-win_amd64.whl", hash = "sha256:27c52f2df10495c4075bab150190b426f54b5fc642a6a5ee0a560f97fb4cd13e"},
    {file = "pyxirr-0.4.0-cp39-cp39-macosx_10_9_universal2.whl", hash = "sha256:b2779f76f4b3705c3b4c3454c9ab4fa870236bd8896d8482e3e25ff21bdfaae0"},
    {file = "pyxirr-0.4.0-cp39-cp39-manylinux1_x86_64.whl", hash = "sha256:a724b433b9371740e7bee8fde065d7931a7b5d7efe703f8bdcd2517bf7d56506"},
    {file = "pyxirr-0.4.0-cp39-none-win_amd64.whl", hash = "sha256:736d256e7a329524f71e075cdbbda47c4f5d0413673fc12292c198f02f80c211"},
    {file = "pyxirr-0.4.0.tar.gz", hash = "sha256:9d9aec63b9137d8c11e3dd20f76075f47dcb0afb39d641b7621b65a89a4b6452"},
]

[[package]]
name = "requirements-parser"
version = "0.13.0"
description = "This is a small Python module for parsing Pip requirement files."
optional = false
python-versions = "<4.0,>=3.8"
files = [
    {file = "requirements_parser-0.13.0-py3-none-any.whl", hash = "sha256:2b3173faecf19ec5501971b7222d38f04cb45bb9d87d0ad629ca71e2e62ded14"},
    {file = "requirements_parser-0.13.0.tar.gz", hash = "sha256:0843119ca2cb2331de4eb31b10d70462e39ace698fd660a915c247d2301a4418"},
]

[package.dependencies]
packaging = ">=23.2"

[[package]]
name = "rich"
version = "14.2.0"
description = "Render rich text, tables, progress bars, syntax highlighting, markdown and more to the terminal"
optional = false
python-versions = ">=3.8.0"
files = [
    {file = "rich-14.2.0-py3-none-any.whl", hash = "sha256:76bc51fe2e57d2b1be1f96c524b890b816e334ab4c1e45888799bfaab0021edd"},
    {file = "rich-14.2.0.tar.gz", hash = "sha256:73ff50c7c0c1c77c8243079283f4edb376f0f6442433aecb8ce7e6d0b92d1fe4"},
]

[package.dependencies]
markdown-it-py = ">=2.2.0"
pygments = ">=2.13.0,<3.0.0"

[package.extras]
jupyter = ["ipywidgets (>=7.5.1,<9)"]

[[package]]
name = "shellingham"
version = "1.5.4"
description = "Tool to Detect Surrounding Shell"
optional = false
python-versions = ">=3.7"
files = [
    {file = "shellingham-1.5.4-py2.py3-none-any.whl", hash = "sha256:7ecfff8f2fd72616f7481040475a65b2bf8af90a56c89140852d1120324e8686"},
    {file = "shellingham-1.5.4.tar.gz", hash = "sha256:8dbca0739d487e5bd35ab3ca4b36e11c4078f3a234bfce294b0a0291363404de"},
]

[[package]]
name = "typer"
version = "0.19.2"
description = "Typer, build great CLIs. Easy to code. Based on Python type hints."
optional = false
python-versions = ">=3.8"
files = [
    {file = "typer-0.19.2-py3-none-any.whl", hash = "sha256:755e7e19670ffad8283db353267cb81ef252f595aa6834a0d1ca9312d9326cb9"},
    {file = "typer-0.19.2.tar.gz", hash = "sha256:9ad824308ded0ad06cc716434705f691d4ee0bfd0fb081839d2e426860e7fdca"},
]

[package.dependencies]
click = ">=8.0.0"
rich = ">=10.11.0"
shellingham = ">=1.3.0"
typing-extensions = ">=3.7.4.3"

[[package]]
name = "typing-extensions"
version = "4.15.0"
description = "Backported and Experimental Type Hints for Python 3.9+"
optional = false
python-versions = ">=3.9"
files = [
    {file = "typing_extensions-4.15.0-py3-none-any.whl", hash = "sha256:f0fa19c6845758ab08074a0cfa8b7aecb71c999ca73d62883bc25cc018c4e548"},
    {file = "typing_extensions-4.15.0.tar.gz", hash = "sha256:0cea48d173cc12fa28ecabc3b837ea3cf6f38c6d1136f85cbaaf598984861466"},
]

[metadata]
lock-version = "2.0"
python-versions = "^3.12"
content-hash = "cb69d0adfcfea516519c1158a473a705112beb34c1262ad934e8c2f5a5d672c7"
